
Microsoft Visual Studio Solution File, Format Version 12.00
# Visual Studio Version 17
VisualStudioVersion = 17.8.34316.72
MinimumVisualStudioVersion = 10.0.40219.1
Project("{9A19103F-16F7-4668-BE54-9A1E7A4F7556}") = "Safari.BlazorApp", "Safari.BlazorApp\Safari.BlazorApp.csproj", "{468D20FA-9B98-4213-A7EE-5A16A4B3BFB9}"
EndProject
Project("{9A19103F-16F7-4668-BE54-9A1E7A4F7556}") = "Safari.BlazorApp.Client", "Safari.BlazorApp.Client\Safari.BlazorApp.Client.csproj", "{58058875-0BE0-47B8-B075-CB43098C03FE}"
EndProject
Global
	GlobalSection(SolutionConfigurationPlatforms) = preSolution
		Debug|Any CPU = Debug|Any CPU
		Release|Any CPU = Release|Any CPU
	EndGlobalSection
	GlobalSection(ProjectConfigurationPlatforms) = postSolution
		{468D20FA-9B98-4213-A7EE-5A16A4B3BFB9}.Debug|Any CPU.ActiveCfg = Debug|Any CPU
		{468D20FA-9B98-4213-A7EE-5A16A4B3BFB9}.Debug|Any CPU.Build.0 = Debug|Any CPU
		{468D20FA-9B98-4213-A7EE-5A16A4B3BFB9}.Release|Any CPU.ActiveCfg = Release|Any CPU
		{468D20FA-9B98-4213-A7EE-5A16A4B3BFB9}.Release|Any CPU.Build.0 = Release|Any CPU
		{58058875-0BE0-47B8-B075-CB43098C03FE}.Debug|Any CPU.ActiveCfg = Debug|Any CPU
		{58058875-0BE0-47B8-B075-CB43098C03FE}.Debug|Any CPU.Build.0 = Debug|Any CPU
		{58058875-0BE0-47B8-B075-CB43098C03FE}.Release|Any CPU.ActiveCfg = Release|Any CPU
		{58058875-0BE0-47B8-B075-CB43098C03FE}.Release|Any CPU.Build.0 = Release|Any CPU
	EndGlobalSection
	GlobalSection(SolutionProperties) = preSolution
		HideSolutionNode = FALSE
	EndGlobalSection
	GlobalSection(ExtensibilityGlobals) = postSolution
		SolutionGuid = {9F76EE68-8FBF-4030-A327-495D97C7D031}
	EndGlobalSection
EndGlobal
